
Microsoft Visual Studio Solution File, Format Version 12.00
# Visual Studio Version 17
VisualStudioVersion = 17.13.35825.156
MinimumVisualStudioVersion = 10.0.40219.1
Project("{2150E333-8FDC-42A3-9474-1A3956D46DE8}") = "Solution Items", "Solution Items", "{02EA681E-C7D8-13C7-8484-4AC65E1B71E8}"
	ProjectSection(SolutionItems) = preProject
		.editorconfig = .editorconfig
	EndProjectSection
EndProject
Project("{FAE04EC0-301F-11D3-BF4B-00C04F79EFBC}") = "StockApp.Repository.Tests", "StockApp.Repository.Tests\StockApp.Repository.Tests.csproj", "{9E5670CA-75AB-4F14-AD2D-CA0814EE9808}"
EndProject
Project("{FAE04EC0-301F-11D3-BF4B-00C04F79EFBC}") = "StockApp.Service.Tests", "StockApp.Service.Tests\StockApp.Service.Tests.csproj", "{9D16F775-97CC-5028-5862-7753E5756615}"
EndProject
Project("{FAE04EC0-301F-11D3-BF4B-00C04F79EFBC}") = "BankApi", "BankApi\BankApi.csproj", "{51430384-0704-28C7-9E09-A76C84059E39}"
EndProject
Project("{FAE04EC0-301F-11D3-BF4B-00C04F79EFBC}") = "StockApp", "StockApp\StockApp.csproj", "{B88B3A79-56BF-AF71-8351-669F60B4886A}"
EndProject
Project("{FAE04EC0-301F-11D3-BF4B-00C04F79EFBC}") = "Common", "Common\Common.csproj", "{906F8880-4B7C-4134-8D2F-5EEC03FFB234}"
EndProject
Project("{FAE04EC0-301F-11D3-BF4B-00C04F79EFBC}") = "StockAppWeb", "StockAppWeb\StockAppWeb.csproj", "{DAF7B077-1C12-43CB-B8CA-73DC52A8D518}"
EndProject
Global
	GlobalSection(SolutionConfigurationPlatforms) = preSolution
		Debug|ARM64 = Debug|ARM64
		Debug|x64 = Debug|x64
		Debug|x86 = Debug|x86
		Release|ARM64 = Release|ARM64
		Release|x64 = Release|x64
		Release|x86 = Release|x86
	EndGlobalSection
	GlobalSection(ProjectConfigurationPlatforms) = postSolution
		{9E5670CA-75AB-4F14-AD2D-CA0814EE9808}.Debug|ARM64.ActiveCfg = Debug|Any CPU
		{9E5670CA-75AB-4F14-AD2D-CA0814EE9808}.Debug|ARM64.Build.0 = Debug|Any CPU
		{9E5670CA-75AB-4F14-AD2D-CA0814EE9808}.Debug|x64.ActiveCfg = Debug|x64
		{9E5670CA-75AB-4F14-AD2D-CA0814EE9808}.Debug|x86.ActiveCfg = Debug|Any CPU
		{9E5670CA-75AB-4F14-AD2D-CA0814EE9808}.Debug|x86.Build.0 = Debug|Any CPU
		{9E5670CA-75AB-4F14-AD2D-CA0814EE9808}.Release|ARM64.ActiveCfg = Release|Any CPU
		{9E5670CA-75AB-4F14-AD2D-CA0814EE9808}.Release|ARM64.Build.0 = Release|Any CPU
		{9E5670CA-75AB-4F14-AD2D-CA0814EE9808}.Release|x64.ActiveCfg = Release|Any CPU
		{9E5670CA-75AB-4F14-AD2D-CA0814EE9808}.Release|x64.Build.0 = Release|Any CPU
		{9E5670CA-75AB-4F14-AD2D-CA0814EE9808}.Release|x86.ActiveCfg = Release|Any CPU
		{9E5670CA-75AB-4F14-AD2D-CA0814EE9808}.Release|x86.Build.0 = Release|Any CPU
		{9D16F775-97CC-5028-5862-7753E5756615}.Debug|ARM64.ActiveCfg = Debug|ARM64
		{9D16F775-97CC-5028-5862-7753E5756615}.Debug|ARM64.Build.0 = Debug|ARM64
		{9D16F775-97CC-5028-5862-7753E5756615}.Debug|x64.ActiveCfg = Debug|x64
		{9D16F775-97CC-5028-5862-7753E5756615}.Debug|x86.ActiveCfg = Debug|x86
		{9D16F775-97CC-5028-5862-7753E5756615}.Debug|x86.Build.0 = Debug|x86
		{9D16F775-97CC-5028-5862-7753E5756615}.Release|ARM64.ActiveCfg = Release|ARM64
		{9D16F775-97CC-5028-5862-7753E5756615}.Release|ARM64.Build.0 = Release|ARM64
		{9D16F775-97CC-5028-5862-7753E5756615}.Release|x64.ActiveCfg = Release|x64
		{9D16F775-97CC-5028-5862-7753E5756615}.Release|x64.Build.0 = Release|x64
		{9D16F775-97CC-5028-5862-7753E5756615}.Release|x86.ActiveCfg = Release|x86
		{9D16F775-97CC-5028-5862-7753E5756615}.Release|x86.Build.0 = Release|x86
		{51430384-0704-28C7-9E09-A76C84059E39}.Debug|ARM64.ActiveCfg = Debug|Any CPU
		{51430384-0704-28C7-9E09-A76C84059E39}.Debug|ARM64.Build.0 = Debug|Any CPU
		{51430384-0704-28C7-9E09-A76C84059E39}.Debug|x64.ActiveCfg = Debug|Any CPU
		{51430384-0704-28C7-9E09-A76C84059E39}.Debug|x64.Build.0 = Debug|Any CPU
		{51430384-0704-28C7-9E09-A76C84059E39}.Debug|x86.ActiveCfg = Debug|Any CPU
		{51430384-0704-28C7-9E09-A76C84059E39}.Debug|x86.Build.0 = Debug|Any CPU
		{51430384-0704-28C7-9E09-A76C84059E39}.Release|ARM64.ActiveCfg = Release|Any CPU
		{51430384-0704-28C7-9E09-A76C84059E39}.Release|ARM64.Build.0 = Release|Any CPU
		{51430384-0704-28C7-9E09-A76C84059E39}.Release|x64.ActiveCfg = Release|Any CPU
		{51430384-0704-28C7-9E09-A76C84059E39}.Release|x64.Build.0 = Release|Any CPU
		{51430384-0704-28C7-9E09-A76C84059E39}.Release|x86.ActiveCfg = Release|Any CPU
		{51430384-0704-28C7-9E09-A76C84059E39}.Release|x86.Build.0 = Release|Any CPU
		{B88B3A79-56BF-AF71-8351-669F60B4886A}.Debug|ARM64.ActiveCfg = Debug|ARM64
		{B88B3A79-56BF-AF71-8351-669F60B4886A}.Debug|ARM64.Build.0 = Debug|ARM64
		{B88B3A79-56BF-AF71-8351-669F60B4886A}.Debug|ARM64.Deploy.0 = Debug|ARM64
		{B88B3A79-56BF-AF71-8351-669F60B4886A}.Debug|x64.ActiveCfg = Debug|x64
		{B88B3A79-56BF-AF71-8351-669F60B4886A}.Debug|x64.Build.0 = Debug|x64
		{B88B3A79-56BF-AF71-8351-669F60B4886A}.Debug|x64.Deploy.0 = Debug|x64
		{B88B3A79-56BF-AF71-8351-669F60B4886A}.Debug|x86.ActiveCfg = Debug|x86
		{B88B3A79-56BF-AF71-8351-669F60B4886A}.Debug|x86.Build.0 = Debug|x86
		{B88B3A79-56BF-AF71-8351-669F60B4886A}.Debug|x86.Deploy.0 = Debug|x86
		{B88B3A79-56BF-AF71-8351-669F60B4886A}.Release|ARM64.ActiveCfg = Release|ARM64
		{B88B3A79-56BF-AF71-8351-669F60B4886A}.Release|ARM64.Build.0 = Release|ARM64
		{B88B3A79-56BF-AF71-8351-669F60B4886A}.Release|ARM64.Deploy.0 = Release|ARM64
		{B88B3A79-56BF-AF71-8351-669F60B4886A}.Release|x64.ActiveCfg = Release|x64
		{B88B3A79-56BF-AF71-8351-669F60B4886A}.Release|x64.Build.0 = Release|x64
		{B88B3A79-56BF-AF71-8351-669F60B4886A}.Release|x64.Deploy.0 = Release|x64
		{B88B3A79-56BF-AF71-8351-669F60B4886A}.Release|x86.ActiveCfg = Release|x86
		{B88B3A79-56BF-AF71-8351-669F60B4886A}.Release|x86.Build.0 = Release|x86
		{B88B3A79-56BF-AF71-8351-669F60B4886A}.Release|x86.Deploy.0 = Release|x86
		{906F8880-4B7C-4134-8D2F-5EEC03FFB234}.Debug|ARM64.ActiveCfg = Debug|Any CPU
		{906F8880-4B7C-4134-8D2F-5EEC03FFB234}.Debug|ARM64.Build.0 = Debug|Any CPU
		{906F8880-4B7C-4134-8D2F-5EEC03FFB234}.Debug|x64.ActiveCfg = Debug|Any CPU
		{906F8880-4B7C-4134-8D2F-5EEC03FFB234}.Debug|x64.Build.0 = Debug|Any CPU
		{906F8880-4B7C-4134-8D2F-5EEC03FFB234}.Debug|x86.ActiveCfg = Debug|Any CPU
		{906F8880-4B7C-4134-8D2F-5EEC03FFB234}.Debug|x86.Build.0 = Debug|Any CPU
		{906F8880-4B7C-4134-8D2F-5EEC03FFB234}.Release|ARM64.ActiveCfg = Release|Any CPU
		{906F8880-4B7C-4134-8D2F-5EEC03FFB234}.Release|ARM64.Build.0 = Release|Any CPU
		{906F8880-4B7C-4134-8D2F-5EEC03FFB234}.Release|x64.ActiveCfg = Release|Any CPU
		{906F8880-4B7C-4134-8D2F-5EEC03FFB234}.Release|x64.Build.0 = Release|Any CPU
		{906F8880-4B7C-4134-8D2F-5EEC03FFB234}.Release|x86.ActiveCfg = Release|Any CPU
		{906F8880-4B7C-4134-8D2F-5EEC03FFB234}.Release|x86.Build.0 = Release|Any CPU
		{DAF7B077-1C12-43CB-B8CA-73DC52A8D518}.Debug|ARM64.ActiveCfg = Debug|Any CPU
		{DAF7B077-1C12-43CB-B8CA-73DC52A8D518}.Debug|ARM64.Build.0 = Debug|Any CPU
		{DAF7B077-1C12-43CB-B8CA-73DC52A8D518}.Debug|x64.ActiveCfg = Debug|Any CPU
		{DAF7B077-1C12-43CB-B8CA-73DC52A8D518}.Debug|x64.Build.0 = Debug|Any CPU
		{DAF7B077-1C12-43CB-B8CA-73DC52A8D518}.Debug|x86.ActiveCfg = Debug|Any CPU
		{DAF7B077-1C12-43CB-B8CA-73DC52A8D518}.Debug|x86.Build.0 = Debug|Any CPU
		{DAF7B077-1C12-43CB-B8CA-73DC52A8D518}.Release|ARM64.ActiveCfg = Release|Any CPU
		{DAF7B077-1C12-43CB-B8CA-73DC52A8D518}.Release|ARM64.Build.0 = Release|Any CPU
		{DAF7B077-1C12-43CB-B8CA-73DC52A8D518}.Release|x64.ActiveCfg = Release|Any CPU
		{DAF7B077-1C12-43CB-B8CA-73DC52A8D518}.Release|x64.Build.0 = Release|Any CPU
		{DAF7B077-1C12-43CB-B8CA-73DC52A8D518}.Release|x86.ActiveCfg = Release|Any CPU
		{DAF7B077-1C12-43CB-B8CA-73DC52A8D518}.Release|x86.Build.0 = Release|Any CPU
	EndGlobalSection
	GlobalSection(SolutionProperties) = preSolution
		HideSolutionNode = FALSE
	EndGlobalSection
	GlobalSection(ExtensibilityGlobals) = postSolution
		SolutionGuid = {98149A54-16C2-4344-9078-19B4F39B2D94}
	EndGlobalSection
EndGlobal
